{
  "name": "kernel-smooth",
  "version": "0.2.3",
  "lockfileVersion": 1,
  "requires": true,
  "dependencies": {
    "eucli": {
      "version": "1.0.3",
      "resolved": "https://registry.npmjs.org/eucli/-/eucli-1.0.3.tgz",
      "integrity": "sha512-l0GDt4UnaVf749eUk6NchoVWgY+lJIIdZNWSVQ+IzvGTN+0XYLzje+qpvbSh55Jh0ieUNfWMuHd/uSWlZmexYg=="
    }
  }
}
